
Microsoft Visual Studio Solution File, Format Version 12.00
# Visual Studio Version 17
VisualStudioVersion = 17.11.35312.102
MinimumVisualStudioVersion = 10.0.40219.1
Project("{FAE04EC0-301F-11D3-BF4B-00C04F79EFBC}") = "SimpleNotepad", "SimpleNotepad\SimpleNotepad.csproj", "{957063A7-43AF-4C53-A5F9-7CD3196AADD8}"
EndProject
Global
	GlobalSection(SolutionConfigurationPlatforms) = preSolution
		Debug|Any CPU = Debug|Any CPU
		Release|Any CPU = Release|Any CPU
	EndGlobalSection
	GlobalSection(ProjectConfigurationPlatforms) = postSolution
		{957063A7-43AF-4C53-A5F9-7CD3196AADD8}.Debug|Any CPU.ActiveCfg = Debug|Any CPU
		{957063A7-43AF-4C53-A5F9-7CD3196AADD8}.Debug|Any CPU.Build.0 = Debug|Any CPU
		{957063A7-43AF-4C53-A5F9-7CD3196AADD8}.Release|Any CPU.ActiveCfg = Release|Any CPU
		{957063A7-43AF-4C53-A5F9-7CD3196AADD8}.Release|Any CPU.Build.0 = Release|Any CPU
	EndGlobalSection
	GlobalSection(SolutionProperties) = preSolution
		HideSolutionNode = FALSE
	EndGlobalSection
	GlobalSection(ExtensibilityGlobals) = postSolution
		SolutionGuid = {680A4305-1945-4FFC-9AC7-A15AACBFBF34}
	EndGlobalSection
EndGlobal
